
Microsoft Visual Studio Solution File, Format Version 12.00
# Visual Studio Version 17
VisualStudioVersion = 17.14.36212.18
MinimumVisualStudioVersion = 10.0.40219.1
Project("{FAE04EC0-301F-11D3-BF4B-00C04F79EFBC}") = "Blazor", "Blazor\Blazor.csproj", "{F57E59E5-C170-40E6-AEE3-C20F4D776E9E}"
EndProject
Project("{FAE04EC0-301F-11D3-BF4B-00C04F79EFBC}") = "Web", "web\Web.csproj", "{C67B8B94-9059-41EF-9662-AAE7808B4474}"
EndProject
Project("{FAE04EC0-301F-11D3-BF4B-00C04F79EFBC}") = "Shared", "Shared\Shared.csproj", "{AA796839-4938-4709-AEB4-2F27EAE67708}"
EndProject
Global
	GlobalSection(SolutionConfigurationPlatforms) = preSolution
		Debug|Any CPU = Debug|Any CPU
		Release|Any CPU = Release|Any CPU
	EndGlobalSection
	GlobalSection(ProjectConfigurationPlatforms) = postSolution
		{F57E59E5-C170-40E6-AEE3-C20F4D776E9E}.Debug|Any CPU.ActiveCfg = Debug|Any CPU
		{F57E59E5-C170-40E6-AEE3-C20F4D776E9E}.Debug|Any CPU.Build.0 = Debug|Any CPU
		{F57E59E5-C170-40E6-AEE3-C20F4D776E9E}.Release|Any CPU.ActiveCfg = Release|Any CPU
		{F57E59E5-C170-40E6-AEE3-C20F4D776E9E}.Release|Any CPU.Build.0 = Release|Any CPU
		{C67B8B94-9059-41EF-9662-AAE7808B4474}.Debug|Any CPU.ActiveCfg = Debug|Any CPU
		{C67B8B94-9059-41EF-9662-AAE7808B4474}.Debug|Any CPU.Build.0 = Debug|Any CPU
		{C67B8B94-9059-41EF-9662-AAE7808B4474}.Release|Any CPU.ActiveCfg = Release|Any CPU
		{C67B8B94-9059-41EF-9662-AAE7808B4474}.Release|Any CPU.Build.0 = Release|Any CPU
		{AA796839-4938-4709-AEB4-2F27EAE67708}.Debug|Any CPU.ActiveCfg = Debug|Any CPU
		{AA796839-4938-4709-AEB4-2F27EAE67708}.Debug|Any CPU.Build.0 = Debug|Any CPU
		{AA796839-4938-4709-AEB4-2F27EAE67708}.Release|Any CPU.ActiveCfg = Release|Any CPU
		{AA796839-4938-4709-AEB4-2F27EAE67708}.Release|Any CPU.Build.0 = Release|Any CPU
	EndGlobalSection
	GlobalSection(SolutionProperties) = preSolution
		HideSolutionNode = FALSE
	EndGlobalSection
	GlobalSection(ExtensibilityGlobals) = postSolution
		SolutionGuid = {3EC735DA-97DC-4B9B-AB5D-2033CCDE0DFB}
	EndGlobalSection
EndGlobal
